
Microsoft Visual Studio Solution File, Format Version 12.00
# Visual Studio 14
VisualStudioVersion = 14.0.25420.1
MinimumVisualStudioVersion = 10.0.40219.1
Project("{FAE04EC0-301F-11D3-BF4B-00C04F79EFBC}") = "Bank", "Bank\Bank.csproj", "{B56BAB18-A722-43E9-83F6-0648B99CC970}"
EndProject
Project("{FAE04EC0-301F-11D3-BF4B-00C04F79EFBC}") = "BankTest", "BankTest\BankTest.csproj", "{443C3ADF-6584-4D4A-A569-6F4BBB7CB055}"
EndProject
Global
	GlobalSection(SolutionConfigurationPlatforms) = preSolution
		Debug|Any CPU = Debug|Any CPU
		Release|Any CPU = Release|Any CPU
	EndGlobalSection
	GlobalSection(ProjectConfigurationPlatforms) = postSolution
		{B56BAB18-A722-43E9-83F6-0648B99CC970}.Debug|Any CPU.ActiveCfg = Debug|Any CPU
		{B56BAB18-A722-43E9-83F6-0648B99CC970}.Debug|Any CPU.Build.0 = Debug|Any CPU
		{B56BAB18-A722-43E9-83F6-0648B99CC970}.Release|Any CPU.ActiveCfg = Release|Any CPU
		{B56BAB18-A722-43E9-83F6-0648B99CC970}.Release|Any CPU.Build.0 = Release|Any CPU
		{443C3ADF-6584-4D4A-A569-6F4BBB7CB055}.Debug|Any CPU.ActiveCfg = Debug|Any CPU
		{443C3ADF-6584-4D4A-A569-6F4BBB7CB055}.Debug|Any CPU.Build.0 = Debug|Any CPU
		{443C3ADF-6584-4D4A-A569-6F4BBB7CB055}.Release|Any CPU.ActiveCfg = Release|Any CPU
		{443C3ADF-6584-4D4A-A569-6F4BBB7CB055}.Release|Any CPU.Build.0 = Release|Any CPU
	EndGlobalSection
	GlobalSection(SolutionProperties) = preSolution
		HideSolutionNode = FALSE
	EndGlobalSection
EndGlobal
